{
  "name": "besu-with-firefly-contracts",
  "lockfileVersion": 3,
  "requires": true,
  "packages": {
    "": {
      "name": "besu-with-firefly-contracts",
      "dependencies": {
        "@onchain-id/solidity": "2.1.0",
        "@tokenysolutions/t-rex": "4.1.6"
      }
    },
    "node_modules/@onchain-id/solidity": {
      "version": "2.1.0",
      "resolved": "https://registry.npmjs.org/@onchain-id/solidity/-/solidity-2.1.0.tgz",
      "integrity": "sha512-BBpBmUs8gg99N5NIKzANbs3R6DUhd90z2GEFvScVBhpHvpQhI5IzPNFRP6cXua1Lo0dWdNffxsteB3eUY1XMZw==",
      "license": "ISC"
    },
    "node_modules/@tokenysolutions/t-rex": {
      "version": "4.1.6",
      "resolved": "https://registry.npmjs.org/@tokenysolutions/t-rex/-/t-rex-4.1.6.tgz",
      "integrity": "sha512-GNmVAC11cqwF6bmVCl0yhaVfPLBptF4K0vmepghTPbSogky1WG+38h7RR/p7909Si2JgswreeeLZZyBLN0KZrg==",
      "license": "SEE LICENSE IN LICENSE.md"
    }
  }
}
